
Microsoft Visual Studio Solution File, Format Version 12.00
# Visual Studio Version 16
VisualStudioVersion = 16.0.32228.343
MinimumVisualStudioVersion = 10.0.40219.1
Project("{9A19103F-16F7-4668-BE54-9A1E7A4F7556}") = "ConsoleApp21", "ConsoleApp21\ConsoleApp21.csproj", "{A3061ACF-C8A2-41C4-9C72-7DF6B6F1713C}"
EndProject
Project("{FAE04EC0-301F-11D3-BF4B-00C04F79EFBC}") = "TestProject1", "TestProject1\TestProject1.csproj", "{A2CECBC2-CED7-44AD-8862-29F5CFE7E97A}"
EndProject
Global
	GlobalSection(SolutionConfigurationPlatforms) = preSolution
		Debug|Any CPU = Debug|Any CPU
		Release|Any CPU = Release|Any CPU
	EndGlobalSection
	GlobalSection(ProjectConfigurationPlatforms) = postSolution
		{A3061ACF-C8A2-41C4-9C72-7DF6B6F1713C}.Debug|Any CPU.ActiveCfg = Debug|Any CPU
		{A3061ACF-C8A2-41C4-9C72-7DF6B6F1713C}.Debug|Any CPU.Build.0 = Debug|Any CPU
		{A3061ACF-C8A2-41C4-9C72-7DF6B6F1713C}.Release|Any CPU.ActiveCfg = Release|Any CPU
		{A3061ACF-C8A2-41C4-9C72-7DF6B6F1713C}.Release|Any CPU.Build.0 = Release|Any CPU
		{A2CECBC2-CED7-44AD-8862-29F5CFE7E97A}.Debug|Any CPU.ActiveCfg = Debug|Any CPU
		{A2CECBC2-CED7-44AD-8862-29F5CFE7E97A}.Debug|Any CPU.Build.0 = Debug|Any CPU
		{A2CECBC2-CED7-44AD-8862-29F5CFE7E97A}.Release|Any CPU.ActiveCfg = Release|Any CPU
		{A2CECBC2-CED7-44AD-8862-29F5CFE7E97A}.Release|Any CPU.Build.0 = Release|Any CPU
	EndGlobalSection
	GlobalSection(SolutionProperties) = preSolution
		HideSolutionNode = FALSE
	EndGlobalSection
	GlobalSection(ExtensibilityGlobals) = postSolution
		SolutionGuid = {A587C6D3-C813-4BC7-805F-B66CFA24C40C}
	EndGlobalSection
EndGlobal
